<?xml version="1.0" encoding="utf-8"?>
<Project ToolsVersion="4.0" xmlns="http://schemas.microsoft.com/developer/msbuild/2003">
  <ItemGroup>
    <ClInclude Include="src\core\Defines.h" />
    <ClInclude Include="src\core\Engine.h" />
    <ClInclude Include="src\core\Window.h" />
    <ClInclude Include="src\include.h" />
    <ClInclude Include="extern\d3dx12.h" />
    <ClInclude Include="src\renderer\Resources.h" />
    <ClInclude Include="src\renderer\Graphics.h" />
    <ClInclude Include="src\ecs\components\Camera.h" />
    <ClInclude Include="src\ecs\components\Transform.h" />
    <ClInclude Include="src\ecs\entities\GameObject.hpp" />
    <ClInclude Include="src\ecs\systems\State.h" />
    <ClInclude Include="src\ecs\systems\StateMachine.h" />
    <ClInclude Include="src\ecs\systems\Time.h" />
    <ClInclude Include="src\ecs\systems\GameObjectManager.h" />
    <ClInclude Include="src\ecs\systems\Input.h" />
    <ClInclude Include="src\DDSTextureLoader.h" />
    <ClInclude Include="src\ecs\components\Texture.h" />
    <ClInclude Include="src\ecs\components\Component.h" />
    <ClInclude Include="src\ecs\systems\ComponentManager.h" />
    <ClInclude Include="src\ecs\components\Mesh.h" />
  </ItemGroup>
  <ItemGroup>
    <ClCompile Include="src\core\Engine.cpp" />
    <ClCompile Include="src\core\Window.cpp" />
    <ClCompile Include="src\main.cpp" />
    <ClCompile Include="src\renderer\Resources.cpp" />
    <ClCompile Include="src\renderer\Graphics.cpp" />
    <ClCompile Include="src\ecs\components\Camera.cpp" />
    <ClCompile Include="src\ecs\components\Transform.cpp" />
    <ClCompile Include="src\Utils.h" />
    <ClCompile Include="src\Utils.cpp" />
    <ClCompile Include="src\ecs\entities\GameObject.cpp" />
    <ClCompile Include="src\ecs\systems\StateMachine.cpp" />
    <ClCompile Include="src\ecs\systems\Time.cpp" />
    <ClCompile Include="src\ecs\systems\GameObjectManager.cpp" />
    <ClCompile Include="src\ecs\systems\Input.cpp" />
    <ClCompile Include="src\ecs\components\Shader.cpp" />
    <ClCompile Include="src\ecs\components\Shader.h.cpp" />
    <ClCompile Include="src\DDSTextureLoader.cpp" />
    <ClCompile Include="src\ecs\components\Texture.cpp" />
    <ClCompile Include="src\ecs\components\Component.cpp" />
    <ClCompile Include="src\ecs\systems\ComponentManager.cpp" />
    <ClCompile Include="src\ecs\components\Mesh.cpp" />
  </ItemGroup>
  <ItemGroup>
    <Text Include="res\shader\ShaderTriangle.hlsl" />
    <Text Include="res\shader\Shader.hlsl" />
  </ItemGroup>
  <ItemGroup>
    <Image Include="res\texture\texture.png" />
  </ItemGroup>
</Project>