<?xml version="1.0" encoding="utf-8"?>
<Project ToolsVersion="4.0" xmlns="http://schemas.microsoft.com/developer/msbuild/2003">
  <ItemGroup>
    <ClInclude Include="src\core\Defines.h" />
    <ClInclude Include="src\core\Engine.h" />
    <ClInclude Include="src\core\Window.h" />
    <ClInclude Include="src\include.h" />
    <ClInclude Include="extern\d3dx12.h" />
    <ClInclude Include="src\renderer\Resources.h" />
    <ClInclude Include="src\renderer\Graphics.h" />
    <ClInclude Include="src\Triangle.h" />
    <ClInclude Include="src\renderer\Camera.h" />
    <ClInclude Include="src\Time.h" />
    <ClInclude Include="src\StateMachine.h" />
    <ClInclude Include="src\State.h" />
  </ItemGroup>
  <ItemGroup>
    <ClCompile Include="src\core\Engine.cpp" />
    <ClCompile Include="src\core\Window.cpp" />
    <ClCompile Include="src\main.cpp" />
    <ClCompile Include="src\renderer\Resources.cpp" />
    <ClCompile Include="src\renderer\Graphics.cpp" />
    <ClCompile Include="src\Triangle.cpp" />
    <ClCompile Include="src\renderer\Camera.cpp" />
    <ClCompile Include="src\Time.cpp" />
    <ClCompile Include="src\StateMachine.cpp" />
  </ItemGroup>
  <ItemGroup>
    <Text Include="res\shader\ShaderTriangle.hlsl" />
    <Text Include="res\shader\Shader.hlsl" />
  </ItemGroup>
</Project>